schema: '2.0'
stages:
  acquire_data:
    cmd: python scripts/acquire_data.py
    deps:
    - path: scripts/acquire_data.py
      hash: md5
      md5: 881d86e6fc0888bf5564d3d54ec4ef67
      size: 3337
    outs:
    - path: data/metrics/acquisition_metrics.json
      hash: md5
      md5: 59ff5ee1ceda8d73c0410cb98b0bdf9a
      size: 137
    - path: data/raw/calendar_data.csv
      hash: md5
      md5: 835398cc113e910a222ee8e102c14ad9
      size: 83
  acquire_user_feedback:
    cmd: python scripts/acquire_user_feedback.py
    deps:
    - path: scripts/acquire_user_feedback.py
      hash: md5
      md5: 05c42c279d8bb04125f65cc2bd622ab4
      size: 2186
    outs:
    - path: data/raw/user_feedback.csv
      hash: md5
      md5: 318db4ec6d0fdaee21ab8157a1ea0493
      size: 66
  preprocess_data:
    cmd: python scripts/preprocess_data.py
    deps:
    - path: data/raw/calendar_data.csv
      hash: md5
      md5: 835398cc113e910a222ee8e102c14ad9
      size: 83
    - path: scripts/preprocess_data.py
      hash: md5
      md5: d6bc6e2c2fb1bc356c5db8fd190284b1
      size: 2982
    outs:
    - path: data/metrics/preprocessing_metrics.json
      hash: md5
      md5: 2a66587e48d96bc6992c66daebe60cc2
      size: 119
    - path: data/processed/calendar_processed.csv
      hash: md5
      md5: eaf460a277c44a15de786a1f88f82ea7
      size: 139
  validate_data:
    cmd: python scripts/validate_data.py
    deps:
    - path: data/processed/calendar_processed.csv
      hash: md5
      md5: eaf460a277c44a15de786a1f88f82ea7
      size: 139
    - path: scripts/validate_data.py
      hash: md5
      md5: 12ee4b4d0355469c0beb32fed6451ac3
      size: 2732
    outs:
    - path: data/reports/validation_report.json
      hash: md5
      md5: 045278ef2caf4662c3fce25f606e394e
      size: 595
  detect_anomalies:
    cmd: python scripts/detect_anomalies.py
    deps:
    - path: data/processed/calendar_processed.csv
      hash: md5
      md5: eaf460a277c44a15de786a1f88f82ea7
      size: 139
    - path: scripts/detect_anomalies.py
      hash: md5
      md5: c112df815a675626fe031c970d65cdea
      size: 2430
    outs:
    - path: data/reports/anomaly_report.json
      hash: md5
      md5: af7a918f4b2ce71225731ceeb424c0e4
      size: 447
  detect_bias:
    cmd: python scripts/detect_bias.py
    deps:
    - path: data/processed/calendar_processed.csv
      hash: md5
      md5: eaf460a277c44a15de786a1f88f82ea7
      size: 139
    - path: scripts/detect_bias.py
      hash: md5
      md5: dc51f38f84e6456fbabcb07855f7db1f
      size: 3393
    outs:
    - path: data/reports/bias_report.json
      hash: md5
      md5: 29f1526ae568e14b3f9e6e2f15faa9dd
      size: 238
  materialize_analytics:
    cmd: python scripts/materialize_analytics.py
    deps:
    - path: analytics/jobs.py
      hash: md5
      md5: b1ee13057569072ffbc9fd7891a609ba
      size: 13025
    - path: analytics/orchestrator.py
      hash: md5
      md5: 2dec4687b876e909d6ae163574019bf3
      size: 2266
    - path: analytics/repositories.py
      hash: md5
      md5: 86adac672dda176f093202cf0ab2befc
      size: 6078
    - path: scripts/materialize_analytics.py
      hash: md5
      md5: af279ebfdda188565862efae862d9af6
      size: 1830
    outs:
    - path: data/metrics/materialization_metrics.json
      hash: md5
      md5: 716896aa9f1f20e8d12081378fb8615a
      size: 261
    - path: data/reports/analytics_status.json
      hash: md5
      md5: b4938640a9af97899561a35fdd83493d
      size: 645
  generate_statistics:
    cmd: python scripts/generate_statistics.py
    deps:
    - path: data/processed/calendar_processed.csv
      hash: md5
      md5: eaf460a277c44a15de786a1f88f82ea7
      size: 139
    - path: scripts/generate_statistics.py
      hash: md5
      md5: 68a7c4ba8ebb5842894ac7941973fe88
      size: 2727
    outs:
    - path: data/statistics/calendar_stats.json
      hash: md5
      md5: 66342322a9d1cfc090642ac3de05bc90
      size: 1686
    - path: data/statistics/summary.json
      hash: md5
      md5: 88d9765b0741a2077c55237abc70b65b
      size: 150
